
Microsoft Visual Studio Solution File, Format Version 12.00
# Visual Studio 15
VisualStudioVersion = 15.0.27428.2043
MinimumVisualStudioVersion = 10.0.40219.1
Project("{FAE04EC0-301F-11D3-BF4B-00C04F79EFBC}") = "Kafka.Producer", "src\Kafka.Producer\Kafka.Producer.csproj", "{BA8CD3A0-28C8-4E39-ADD7-BC7E750D35DD}"
EndProject
Project("{FAE04EC0-301F-11D3-BF4B-00C04F79EFBC}") = "Kafka.Consumer", "src\Kafka.Consumer\Kafka.Consumer.csproj", "{E0B806DF-384C-47A6-8BBF-576314030FF6}"
EndProject
Global
	GlobalSection(SolutionConfigurationPlatforms) = preSolution
		Debug|Any CPU = Debug|Any CPU
		Release|Any CPU = Release|Any CPU
	EndGlobalSection
	GlobalSection(ProjectConfigurationPlatforms) = postSolution
		{BA8CD3A0-28C8-4E39-ADD7-BC7E750D35DD}.Debug|Any CPU.ActiveCfg = Debug|Any CPU
		{BA8CD3A0-28C8-4E39-ADD7-BC7E750D35DD}.Debug|Any CPU.Build.0 = Debug|Any CPU
		{BA8CD3A0-28C8-4E39-ADD7-BC7E750D35DD}.Release|Any CPU.ActiveCfg = Release|Any CPU
		{BA8CD3A0-28C8-4E39-ADD7-BC7E750D35DD}.Release|Any CPU.Build.0 = Release|Any CPU
		{E0B806DF-384C-47A6-8BBF-576314030FF6}.Debug|Any CPU.ActiveCfg = Debug|Any CPU
		{E0B806DF-384C-47A6-8BBF-576314030FF6}.Debug|Any CPU.Build.0 = Debug|Any CPU
		{E0B806DF-384C-47A6-8BBF-576314030FF6}.Release|Any CPU.ActiveCfg = Release|Any CPU
		{E0B806DF-384C-47A6-8BBF-576314030FF6}.Release|Any CPU.Build.0 = Release|Any CPU
	EndGlobalSection
	GlobalSection(SolutionProperties) = preSolution
		HideSolutionNode = FALSE
	EndGlobalSection
	GlobalSection(ExtensibilityGlobals) = postSolution
		SolutionGuid = {5071AAFB-AD64-42CD-A8AE-8AA60AA6725F}
	EndGlobalSection
EndGlobal
